
Microsoft Visual Studio Solution File, Format Version 12.00
# Visual Studio Version 17
VisualStudioVersion = 17.7.34202.233
MinimumVisualStudioVersion = 10.0.40219.1
Project("{9A19103F-16F7-4668-BE54-9A1E7A4F7556}") = "Discord_AI_Presence", "Discord_AI_Presence.csproj", "{3BEDECBA-05F0-4131-ABAE-AA9BACE0304A}"
EndProject
Project("{9A19103F-16F7-4668-BE54-9A1E7A4F7556}") = "UnitTesting", "UnitTesting\UnitTesting.csproj", "{8C710FC3-7497-424B-AF3D-D13A0A3D787D}"
EndProject
Project("{2150E333-8FDC-42A3-9474-1A3956D46DE8}") = "Solution Items", "Solution Items", "{44716A4E-D9A2-4B75-ABE9-1E6D83D710F9}"
	ProjectSection(SolutionItems) = preProject
		.editorconfig = .editorconfig
	EndProjectSection
EndProject
Global
	GlobalSection(SolutionConfigurationPlatforms) = preSolution
		Debug|Any CPU = Debug|Any CPU
		Release|Any CPU = Release|Any CPU
	EndGlobalSection
	GlobalSection(ProjectConfigurationPlatforms) = postSolution
		{3BEDECBA-05F0-4131-ABAE-AA9BACE0304A}.Debug|Any CPU.ActiveCfg = Debug|Any CPU
		{3BEDECBA-05F0-4131-ABAE-AA9BACE0304A}.Debug|Any CPU.Build.0 = Debug|Any CPU
		{3BEDECBA-05F0-4131-ABAE-AA9BACE0304A}.Release|Any CPU.ActiveCfg = Release|Any CPU
		{3BEDECBA-05F0-4131-ABAE-AA9BACE0304A}.Release|Any CPU.Build.0 = Release|Any CPU
		{8C710FC3-7497-424B-AF3D-D13A0A3D787D}.Debug|Any CPU.ActiveCfg = Debug|Any CPU
		{8C710FC3-7497-424B-AF3D-D13A0A3D787D}.Debug|Any CPU.Build.0 = Debug|Any CPU
		{8C710FC3-7497-424B-AF3D-D13A0A3D787D}.Release|Any CPU.ActiveCfg = Release|Any CPU
		{8C710FC3-7497-424B-AF3D-D13A0A3D787D}.Release|Any CPU.Build.0 = Release|Any CPU
	EndGlobalSection
	GlobalSection(SolutionProperties) = preSolution
		HideSolutionNode = FALSE
	EndGlobalSection
	GlobalSection(ExtensibilityGlobals) = postSolution
		SolutionGuid = {92C07470-DBA4-4592-90F3-0221BBCCF530}
	EndGlobalSection
EndGlobal
